<?xml version="1.0" encoding="utf-8"?>
<Project ToolsVersion="15.0" xmlns="http://schemas.microsoft.com/developer/msbuild/2003">
  <ItemGroup>
    <ClCompile Include="D:\git_projects\DBProject113b\src\RecordModule\RID.cpp">
      <Filter>Source Files</Filter>
    </ClCompile>
    <ClCompile Include="D:\git_projects\DBProject113b\src\RecordModule\RM_FileHandle.cpp">
      <Filter>Source Files</Filter>
    </ClCompile>
    <ClCompile Include="D:\git_projects\DBProject113b\src\RecordModule\RM_FileScan.cpp">
      <Filter>Source Files</Filter>
    </ClCompile>
    <ClCompile Include="D:\git_projects\DBProject113b\src\RecordModule\RM_Manager.cpp">
      <Filter>Source Files</Filter>
    </ClCompile>
    <ClCompile Include="D:\git_projects\DBProject113b\src\RecordModule\RM_PageHead.cpp">
      <Filter>Source Files</Filter>
    </ClCompile>
    <ClCompile Include="D:\git_projects\DBProject113b\src\RecordModule\RM_Record.cpp">
      <Filter>Source Files</Filter>
    </ClCompile>
    <ClCompile Include="D:\git_projects\DBProject113b\src\RecordModule\RecordHandler.cpp">
      <Filter>Source Files</Filter>
    </ClCompile>
  </ItemGroup>
  <ItemGroup>
    <ClInclude Include="D:\git_projects\DBProject113b\include\RecordModule\RecordHandler.h">
      <Filter>Header Files</Filter>
    </ClInclude>
  </ItemGroup>
  <ItemGroup>
    <CustomBuild Include="D:\git_projects\DBProject113b\src\RecordModule\CMakeLists.txt" />
  </ItemGroup>
  <ItemGroup>
    <Filter Include="Header Files">
      <UniqueIdentifier>{3F156A9B-2084-3772-A6B9-347C66A58DA2}</UniqueIdentifier>
    </Filter>
    <Filter Include="Source Files">
      <UniqueIdentifier>{A1473977-6777-3098-9B04-43EAEFAA684C}</UniqueIdentifier>
    </Filter>
  </ItemGroup>
</Project>
